
Microsoft Visual Studio Solution File, Format Version 12.00
# Visual Studio Version 17
VisualStudioVersion = 17.8.34511.84
MinimumVisualStudioVersion = 10.0.40219.1
Project("{FAE04EC0-301F-11D3-BF4B-00C04F79EFBC}") = "CA2Files", "CA2Files\CA2Files.csproj", "{B9A3B69B-EFF9-4E4B-BAE7-3BC8502CEE6F}"
EndProject
Global
	GlobalSection(SolutionConfigurationPlatforms) = preSolution
		Debug|Any CPU = Debug|Any CPU
		Release|Any CPU = Release|Any CPU
	EndGlobalSection
	GlobalSection(ProjectConfigurationPlatforms) = postSolution
		{B9A3B69B-EFF9-4E4B-BAE7-3BC8502CEE6F}.Debug|Any CPU.ActiveCfg = Debug|Any CPU
		{B9A3B69B-EFF9-4E4B-BAE7-3BC8502CEE6F}.Debug|Any CPU.Build.0 = Debug|Any CPU
		{B9A3B69B-EFF9-4E4B-BAE7-3BC8502CEE6F}.Release|Any CPU.ActiveCfg = Release|Any CPU
		{B9A3B69B-EFF9-4E4B-BAE7-3BC8502CEE6F}.Release|Any CPU.Build.0 = Release|Any CPU
	EndGlobalSection
	GlobalSection(SolutionProperties) = preSolution
		HideSolutionNode = FALSE
	EndGlobalSection
	GlobalSection(ExtensibilityGlobals) = postSolution
		SolutionGuid = {14F8B7E2-D668-4FA2-AE46-5BD02E0D8D08}
	EndGlobalSection
EndGlobal
